
Microsoft Visual Studio Solution File, Format Version 12.00
# Visual Studio Version 16
VisualStudioVersion = 16.0.31112.23
MinimumVisualStudioVersion = 10.0.40219.1
Project("{8BC9CEB8-8B4A-11D0-8D11-00A0C91BC942}") = "GameStock", "GameStock\GameStock.vcxproj", "{49D921AF-2DEB-410C-87D0-B634937E071F}"
EndProject
Project("{8BC9CEB8-8B4A-11D0-8D11-00A0C91BC942}") = "GameStockTests", "GameStockTests\GameStockTests.vcxproj", "{8CD5F7DD-5590-4BA2-899F-D78ED02D39CF}"
EndProject
Project("{8BC9CEB8-8B4A-11D0-8D11-00A0C91BC942}") = "GameStockLib", "GameStockLib\GameStockLib.vcxproj", "{144EADF7-852A-4603-B312-7BCDF624F8D2}"
EndProject
Global
	GlobalSection(SolutionConfigurationPlatforms) = preSolution
		Debug|x64 = Debug|x64
		Debug|x86 = Debug|x86
		Release|x64 = Release|x64
		Release|x86 = Release|x86
	EndGlobalSection
	GlobalSection(ProjectConfigurationPlatforms) = postSolution
		{49D921AF-2DEB-410C-87D0-B634937E071F}.Debug|x64.ActiveCfg = Debug|x64
		{49D921AF-2DEB-410C-87D0-B634937E071F}.Debug|x64.Build.0 = Debug|x64
		{49D921AF-2DEB-410C-87D0-B634937E071F}.Debug|x86.ActiveCfg = Debug|Win32
		{49D921AF-2DEB-410C-87D0-B634937E071F}.Debug|x86.Build.0 = Debug|Win32
		{49D921AF-2DEB-410C-87D0-B634937E071F}.Release|x64.ActiveCfg = Release|x64
		{49D921AF-2DEB-410C-87D0-B634937E071F}.Release|x64.Build.0 = Release|x64
		{49D921AF-2DEB-410C-87D0-B634937E071F}.Release|x86.ActiveCfg = Release|Win32
		{49D921AF-2DEB-410C-87D0-B634937E071F}.Release|x86.Build.0 = Release|Win32
		{8CD5F7DD-5590-4BA2-899F-D78ED02D39CF}.Debug|x64.ActiveCfg = Debug|x64
		{8CD5F7DD-5590-4BA2-899F-D78ED02D39CF}.Debug|x64.Build.0 = Debug|x64
		{8CD5F7DD-5590-4BA2-899F-D78ED02D39CF}.Debug|x86.ActiveCfg = Debug|Win32
		{8CD5F7DD-5590-4BA2-899F-D78ED02D39CF}.Debug|x86.Build.0 = Debug|Win32
		{8CD5F7DD-5590-4BA2-899F-D78ED02D39CF}.Release|x64.ActiveCfg = Release|x64
		{8CD5F7DD-5590-4BA2-899F-D78ED02D39CF}.Release|x64.Build.0 = Release|x64
		{8CD5F7DD-5590-4BA2-899F-D78ED02D39CF}.Release|x86.ActiveCfg = Release|Win32
		{8CD5F7DD-5590-4BA2-899F-D78ED02D39CF}.Release|x86.Build.0 = Release|Win32
		{144EADF7-852A-4603-B312-7BCDF624F8D2}.Debug|x64.ActiveCfg = Debug|x64
		{144EADF7-852A-4603-B312-7BCDF624F8D2}.Debug|x64.Build.0 = Debug|x64
		{144EADF7-852A-4603-B312-7BCDF624F8D2}.Debug|x86.ActiveCfg = Debug|Win32
		{144EADF7-852A-4603-B312-7BCDF624F8D2}.Debug|x86.Build.0 = Debug|Win32
		{144EADF7-852A-4603-B312-7BCDF624F8D2}.Release|x64.ActiveCfg = Release|x64
		{144EADF7-852A-4603-B312-7BCDF624F8D2}.Release|x64.Build.0 = Release|x64
		{144EADF7-852A-4603-B312-7BCDF624F8D2}.Release|x86.ActiveCfg = Release|Win32
		{144EADF7-852A-4603-B312-7BCDF624F8D2}.Release|x86.Build.0 = Release|Win32
	EndGlobalSection
	GlobalSection(SolutionProperties) = preSolution
		HideSolutionNode = FALSE
	EndGlobalSection
	GlobalSection(ExtensibilityGlobals) = postSolution
		SolutionGuid = {989D0BA2-DDF0-4CE8-AE07-6C53030FE433}
	EndGlobalSection
EndGlobal
